# Auto-generated by mcpp. Do not edit by hand.
# Records what this build resolved. It does not yet pin future builds:
# index dependencies are re-resolved from their constraints each time.
# dev-dependencies are excluded: only `mcpp test` resolves them, and this
# file must not change depending on which command ran last.
version = 2

[package."compat.godot-cpp"]
namespace = "compat"
version = "10.0.0-rc1"
source  = "index+compat@10.0.0-rc1"
hash    = "fnv1a:efac35b2dffa5507"

[package."godotengine.godot-cpp-m"]
namespace = "godotengine"
version = "10.0.0-rc1"
source  = "index+godotengine@10.0.0-rc1"
hash    = "fnv1a:8751b3226301bf6b"

